// !$*UTF8*$!
{
	archiveVersion = 1;
	classes = {
	};
	objectVersion = 50;
	objects = {

/* Begin PBXBuildFile section */
		B53338F823887ABA000FB928 /* AppDelegate.swift in Sources */ = {isa = PBXBuildFile; fileRef = B53338F723887ABA000FB928 /* AppDelegate.swift */; };
		B533390123887ABB000FB928 /* Assets.xcassets in Resources */ = {isa = PBXBuildFile; fileRef = B533390023887ABB000FB928 /* Assets.xcassets */; };
		B533391423887D44000FB928 /* AnimatedFigureViewController.swift in Sources */ = {isa = PBXBuildFile; fileRef = B533391223887D44000FB928 /* AnimatedFigureViewController.swift */; };
		B533391523887D44000FB928 /* AnimatedFigureViewController.xib in Resources */ = {isa = PBXBuildFile; fileRef = B533391323887D44000FB928 /* AnimatedFigureViewController.xib */; };
		B533391823887DDD000FB928 /* ViewController.swift in Sources */ = {isa = PBXBuildFile; fileRef = B533391723887DDD000FB928 /* ViewController.swift */; };
		B54AC9B823892FCE00705DCD /* PhasesDataLoader.swift in Sources */ = {isa = PBXBuildFile; fileRef = B54AC9B723892FCE00705DCD /* PhasesDataLoader.swift */; };
		B54AC9BB2389301600705DCD /* AnimatedFigureModel.swift in Sources */ = {isa = PBXBuildFile; fileRef = B54AC9BA2389301600705DCD /* AnimatedFigureModel.swift */; };
		B54AC9BD2389308900705DCD /* AnimationPhase.swift in Sources */ = {isa = PBXBuildFile; fileRef = B54AC9BC2389308900705DCD /* AnimationPhase.swift */; };
		B54AC9C0238934FD00705DCD /* GeneratorPhasesDataLoader.swift in Sources */ = {isa = PBXBuildFile; fileRef = B54AC9BF238934FD00705DCD /* GeneratorPhasesDataLoader.swift */; };
		B54AC9C323893AAD00705DCD /* UIColor+HEX.swift in Sources */ = {isa = PBXBuildFile; fileRef = B54AC9C223893AAD00705DCD /* UIColor+HEX.swift */; };
		B54AC9C523893E6C00705DCD /* AnimatedFigure.swift in Sources */ = {isa = PBXBuildFile; fileRef = B54AC9C423893E6C00705DCD /* AnimatedFigure.swift */; };
		B54AC9C72389401100705DCD /* AnimatedSquare.swift in Sources */ = {isa = PBXBuildFile; fileRef = B54AC9C62389401100705DCD /* AnimatedSquare.swift */; };
		B54AC9C92389556400705DCD /* Int+TimeString.swift in Sources */ = {isa = PBXBuildFile; fileRef = B54AC9C82389556400705DCD /* Int+TimeString.swift */; };
		B54AC9CB238997C100705DCD /* ChainedOperationsManager.swift in Sources */ = {isa = PBXBuildFile; fileRef = B54AC9CA238997C100705DCD /* ChainedOperationsManager.swift */; };
		B54AC9CE2389AA6700705DCD /* AnimationOperation.swift in Sources */ = {isa = PBXBuildFile; fileRef = B54AC9CD2389AA6700705DCD /* AnimationOperation.swift */; };
		B54AC9D02389B77D00705DCD /* HoldOperation.swift in Sources */ = {isa = PBXBuildFile; fileRef = B54AC9CF2389B77D00705DCD /* HoldOperation.swift */; };
/* End PBXBuildFile section */

/* Begin PBXFileReference section */
		B53338F423887ABA000FB928 /* AnimatedFigure.app */ = {isa = PBXFileReference; explicitFileType = wrapper.application; includeInIndex = 0; path = AnimatedFigure.app; sourceTree = BUILT_PRODUCTS_DIR; };
		B53338F723887ABA000FB928 /* AppDelegate.swift */ = {isa = PBXFileReference; lastKnownFileType = sourcecode.swift; path = AppDelegate.swift; sourceTree = "<group>"; };
		B533390023887ABB000FB928 /* Assets.xcassets */ = {isa = PBXFileReference; lastKnownFileType = folder.assetcatalog; path = Assets.xcassets; sourceTree = "<group>"; };
		B533390523887ABB000FB928 /* Info.plist */ = {isa = PBXFileReference; lastKnownFileType = text.plist.xml; path = Info.plist; sourceTree = "<group>"; };
		B533391223887D44000FB928 /* AnimatedFigureViewController.swift */ = {isa = PBXFileReference; lastKnownFileType = sourcecode.swift; path = AnimatedFigureViewController.swift; sourceTree = "<group>"; };
		B533391323887D44000FB928 /* AnimatedFigureViewController.xib */ = {isa = PBXFileReference; lastKnownFileType = file.xib; path = AnimatedFigureViewController.xib; sourceTree = "<group>"; };
		B533391723887DDD000FB928 /* ViewController.swift */ = {isa = PBXFileReference; lastKnownFileType = sourcecode.swift; path = ViewController.swift; sourceTree = "<group>"; };
		B54AC9B723892FCE00705DCD /* PhasesDataLoader.swift */ = {isa = PBXFileReference; lastKnownFileType = sourcecode.swift; path = PhasesDataLoader.swift; sourceTree = "<group>"; };
		B54AC9BA2389301600705DCD /* AnimatedFigureModel.swift */ = {isa = PBXFileReference; lastKnownFileType = sourcecode.swift; path = AnimatedFigureModel.swift; sourceTree = "<group>"; };
		B54AC9BC2389308900705DCD /* AnimationPhase.swift */ = {isa = PBXFileReference; lastKnownFileType = sourcecode.swift; path = AnimationPhase.swift; sourceTree = "<group>"; };
		B54AC9BF238934FD00705DCD /* GeneratorPhasesDataLoader.swift */ = {isa = PBXFileReference; lastKnownFileType = sourcecode.swift; path = GeneratorPhasesDataLoader.swift; sourceTree = "<group>"; };
		B54AC9C223893AAD00705DCD /* UIColor+HEX.swift */ = {isa = PBXFileReference; lastKnownFileType = sourcecode.swift; path = "UIColor+HEX.swift"; sourceTree = "<group>"; };
		B54AC9C423893E6C00705DCD /* AnimatedFigure.swift */ = {isa = PBXFileReference; lastKnownFileType = sourcecode.swift; path = AnimatedFigure.swift; sourceTree = "<group>"; };
		B54AC9C62389401100705DCD /* AnimatedSquare.swift */ = {isa = PBXFileReference; lastKnownFileType = sourcecode.swift; path = AnimatedSquare.swift; sourceTree = "<group>"; };
		B54AC9C82389556400705DCD /* Int+TimeString.swift */ = {isa = PBXFileReference; lastKnownFileType = sourcecode.swift; path = "Int+TimeString.swift"; sourceTree = "<group>"; };
		B54AC9CA238997C100705DCD /* ChainedOperationsManager.swift */ = {isa = PBXFileReference; lastKnownFileType = sourcecode.swift; path = ChainedOperationsManager.swift; sourceTree = "<group>"; };
		B54AC9CD2389AA6700705DCD /* AnimationOperation.swift */ = {isa = PBXFileReference; lastKnownFileType = sourcecode.swift; path = AnimationOperation.swift; sourceTree = "<group>"; };
		B54AC9CF2389B77D00705DCD /* HoldOperation.swift */ = {isa = PBXFileReference; lastKnownFileType = sourcecode.swift; path = HoldOperation.swift; sourceTree = "<group>"; };
/* End PBXFileReference section */

/* Begin PBXFrameworksBuildPhase section */
		B53338F123887ABA000FB928 /* Frameworks */ = {
			isa = PBXFrameworksBuildPhase;
			buildActionMask = 2147483647;
			files = (
			);
			runOnlyForDeploymentPostprocessing = 0;
		};
/* End PBXFrameworksBuildPhase section */

/* Begin PBXGroup section */
		B53338EB23887ABA000FB928 = {
			isa = PBXGroup;
			children = (
				B53338F623887ABA000FB928 /* AnimatedFigure */,
				B53338F523887ABA000FB928 /* Products */,
			);
			sourceTree = "<group>";
		};
		B53338F523887ABA000FB928 /* Products */ = {
			isa = PBXGroup;
			children = (
				B53338F423887ABA000FB928 /* AnimatedFigure.app */,
			);
			name = Products;
			sourceTree = "<group>";
		};
		B53338F623887ABA000FB928 /* AnimatedFigure */ = {
			isa = PBXGroup;
			children = (
				B53338F723887ABA000FB928 /* AppDelegate.swift */,
				B533390B23887C6E000FB928 /* Resources */,
				B533390C23887C77000FB928 /* Sources */,
			);
			path = AnimatedFigure;
			sourceTree = "<group>";
		};
		B533390B23887C6E000FB928 /* Resources */ = {
			isa = PBXGroup;
			children = (
				B533390023887ABB000FB928 /* Assets.xcassets */,
				B533390523887ABB000FB928 /* Info.plist */,
			);
			path = Resources;
			sourceTree = "<group>";
		};
		B533390C23887C77000FB928 /* Sources */ = {
			isa = PBXGroup;
			children = (
				B533390D23887CBB000FB928 /* Scenes */,
				B54AC9B523892F9200705DCD /* Library */,
			);
			path = Sources;
			sourceTree = "<group>";
		};
		B533390D23887CBB000FB928 /* Scenes */ = {
			isa = PBXGroup;
			children = (
				B533391123887CEC000FB928 /* AnimatedFigureScene */,
				B533391623887DBC000FB928 /* Common */,
			);
			path = Scenes;
			sourceTree = "<group>";
		};
		B533391123887CEC000FB928 /* AnimatedFigureScene */ = {
			isa = PBXGroup;
			children = (
				B533391223887D44000FB928 /* AnimatedFigureViewController.swift */,
				B533391323887D44000FB928 /* AnimatedFigureViewController.xib */,
				B54AC9C62389401100705DCD /* AnimatedSquare.swift */,
				B54AC9B923892FFA00705DCD /* Models */,
				B54AC9BE2389341700705DCD /* Services */,
				B54AC9CC2389AA1200705DCD /* Other */,
			);
			path = AnimatedFigureScene;
			sourceTree = "<group>";
		};
		B533391623887DBC000FB928 /* Common */ = {
			isa = PBXGroup;
			children = (
				B533391723887DDD000FB928 /* ViewController.swift */,
			);
			path = Common;
			sourceTree = "<group>";
		};
		B54AC9B523892F9200705DCD /* Library */ = {
			isa = PBXGroup;
			children = (
				B54AC9C123893A9B00705DCD /* Extensions */,
				B54AC9B623892F9D00705DCD /* Protocols */,
			);
			path = Library;
			sourceTree = "<group>";
		};
		B54AC9B623892F9D00705DCD /* Protocols */ = {
			isa = PBXGroup;
			children = (
				B54AC9B723892FCE00705DCD /* PhasesDataLoader.swift */,
				B54AC9C423893E6C00705DCD /* AnimatedFigure.swift */,
			);
			path = Protocols;
			sourceTree = "<group>";
		};
		B54AC9B923892FFA00705DCD /* Models */ = {
			isa = PBXGroup;
			children = (
				B54AC9BA2389301600705DCD /* AnimatedFigureModel.swift */,
				B54AC9BC2389308900705DCD /* AnimationPhase.swift */,
			);
			path = Models;
			sourceTree = "<group>";
		};
		B54AC9BE2389341700705DCD /* Services */ = {
			isa = PBXGroup;
			children = (
				B54AC9BF238934FD00705DCD /* GeneratorPhasesDataLoader.swift */,
				B54AC9CA238997C100705DCD /* ChainedOperationsManager.swift */,
			);
			path = Services;
			sourceTree = "<group>";
		};
		B54AC9C123893A9B00705DCD /* Extensions */ = {
			isa = PBXGroup;
			children = (
				B54AC9C223893AAD00705DCD /* UIColor+HEX.swift */,
				B54AC9C82389556400705DCD /* Int+TimeString.swift */,
			);
			path = Extensions;
			sourceTree = "<group>";
		};
		B54AC9CC2389AA1200705DCD /* Other */ = {
			isa = PBXGroup;
			children = (
				B54AC9CD2389AA6700705DCD /* AnimationOperation.swift */,
				B54AC9CF2389B77D00705DCD /* HoldOperation.swift */,
			);
			path = Other;
			sourceTree = "<group>";
		};
/* End PBXGroup section */

/* Begin PBXNativeTarget section */
		B53338F323887ABA000FB928 /* AnimatedFigure */ = {
			isa = PBXNativeTarget;
			buildConfigurationList = B533390823887ABB000FB928 /* Build configuration list for PBXNativeTarget "AnimatedFigure" */;
			buildPhases = (
				B53338F023887ABA000FB928 /* Sources */,
				B53338F123887ABA000FB928 /* Frameworks */,
				B53338F223887ABA000FB928 /* Resources */,
			);
			buildRules = (
			);
			dependencies = (
			);
			name = AnimatedFigure;
			productName = AnimatedFigure;
			productReference = B53338F423887ABA000FB928 /* AnimatedFigure.app */;
			productType = "com.apple.product-type.application";
		};
/* End PBXNativeTarget section */

/* Begin PBXProject section */
		B53338EC23887ABA000FB928 /* Project object */ = {
			isa = PBXProject;
			attributes = {
				LastSwiftUpdateCheck = 1100;
				LastUpgradeCheck = 1100;
				ORGANIZATIONNAME = "Andrii Bodnar";
				TargetAttributes = {
					B53338F323887ABA000FB928 = {
						CreatedOnToolsVersion = 11.0;
					};
				};
			};
			buildConfigurationList = B53338EF23887ABA000FB928 /* Build configuration list for PBXProject "AnimatedFigure" */;
			compatibilityVersion = "Xcode 9.3";
			developmentRegion = en;
			hasScannedForEncodings = 0;
			knownRegions = (
				en,
				Base,
			);
			mainGroup = B53338EB23887ABA000FB928;
			productRefGroup = B53338F523887ABA000FB928 /* Products */;
			projectDirPath = "";
			projectRoot = "";
			targets = (
				B53338F323887ABA000FB928 /* AnimatedFigure */,
			);
		};
/* End PBXProject section */

/* Begin PBXResourcesBuildPhase section */
		B53338F223887ABA000FB928 /* Resources */ = {
			isa = PBXResourcesBuildPhase;
			buildActionMask = 2147483647;
			files = (
				B533391523887D44000FB928 /* AnimatedFigureViewController.xib in Resources */,
				B533390123887ABB000FB928 /* Assets.xcassets in Resources */,
			);
			runOnlyForDeploymentPostprocessing = 0;
		};
/* End PBXResourcesBuildPhase section */

/* Begin PBXSourcesBuildPhase section */
		B53338F023887ABA000FB928 /* Sources */ = {
			isa = PBXSourcesBuildPhase;
			buildActionMask = 2147483647;
			files = (
				B54AC9CB238997C100705DCD /* ChainedOperationsManager.swift in Sources */,
				B54AC9C0238934FD00705DCD /* GeneratorPhasesDataLoader.swift in Sources */,
				B54AC9C523893E6C00705DCD /* AnimatedFigure.swift in Sources */,
				B54AC9C323893AAD00705DCD /* UIColor+HEX.swift in Sources */,
				B54AC9C92389556400705DCD /* Int+TimeString.swift in Sources */,
				B533391823887DDD000FB928 /* ViewController.swift in Sources */,
				B54AC9D02389B77D00705DCD /* HoldOperation.swift in Sources */,
				B53338F823887ABA000FB928 /* AppDelegate.swift in Sources */,
				B54AC9CE2389AA6700705DCD /* AnimationOperation.swift in Sources */,
				B54AC9C72389401100705DCD /* AnimatedSquare.swift in Sources */,
				B54AC9B823892FCE00705DCD /* PhasesDataLoader.swift in Sources */,
				B54AC9BB2389301600705DCD /* AnimatedFigureModel.swift in Sources */,
				B54AC9BD2389308900705DCD /* AnimationPhase.swift in Sources */,
				B533391423887D44000FB928 /* AnimatedFigureViewController.swift in Sources */,
			);
			runOnlyForDeploymentPostprocessing = 0;
		};
/* End PBXSourcesBuildPhase section */

/* Begin XCBuildConfiguration section */
		B533390623887ABB000FB928 /* Debug */ = {
			isa = XCBuildConfiguration;
			buildSettings = {
				ALWAYS_SEARCH_USER_PATHS = NO;
				CLANG_ANALYZER_NONNULL = YES;
				CLANG_ANALYZER_NUMBER_OBJECT_CONVERSION = YES_AGGRESSIVE;
				CLANG_CXX_LANGUAGE_STANDARD = "gnu++14";
				CLANG_CXX_LIBRARY = "libc++";
				CLANG_ENABLE_MODULES = YES;
				CLANG_ENABLE_OBJC_ARC = YES;
				CLANG_ENABLE_OBJC_WEAK = YES;
				CLANG_WARN_BLOCK_CAPTURE_AUTORELEASING = YES;
				CLANG_WARN_BOOL_CONVERSION = YES;
				CLANG_WARN_COMMA = YES;
				CLANG_WARN_CONSTANT_CONVERSION = YES;
				CLANG_WARN_DEPRECATED_OBJC_IMPLEMENTATIONS = YES;
				CLANG_WARN_DIRECT_OBJC_ISA_USAGE = YES_ERROR;
				CLANG_WARN_DOCUMENTATION_COMMENTS = YES;
				CLANG_WARN_EMPTY_BODY = YES;
				CLANG_WARN_ENUM_CONVERSION = YES;
				CLANG_WARN_INFINITE_RECURSION = YES;
				CLANG_WARN_INT_CONVERSION = YES;
				CLANG_WARN_NON_LITERAL_NULL_CONVERSION = YES;
				CLANG_WARN_OBJC_IMPLICIT_RETAIN_SELF = YES;
				CLANG_WARN_OBJC_LITERAL_CONVERSION = YES;
				CLANG_WARN_OBJC_ROOT_CLASS = YES_ERROR;
				CLANG_WARN_RANGE_LOOP_ANALYSIS = YES;
				CLANG_WARN_STRICT_PROTOTYPES = YES;
				CLANG_WARN_SUSPICIOUS_MOVE = YES;
				CLANG_WARN_UNGUARDED_AVAILABILITY = YES_AGGRESSIVE;
				CLANG_WARN_UNREACHABLE_CODE = YES;
				CLANG_WARN__DUPLICATE_METHOD_MATCH = YES;
				COPY_PHASE_STRIP = NO;
				DEBUG_INFORMATION_FORMAT = dwarf;
				ENABLE_STRICT_OBJC_MSGSEND = YES;
				ENABLE_TESTABILITY = YES;
				GCC_C_LANGUAGE_STANDARD = gnu11;
				GCC_DYNAMIC_NO_PIC = NO;
				GCC_NO_COMMON_BLOCKS = YES;
				GCC_OPTIMIZATION_LEVEL = 0;
				GCC_PREPROCESSOR_DEFINITIONS = (
					"DEBUG=1",
					"$(inherited)",
				);
				GCC_WARN_64_TO_32_BIT_CONVERSION = YES;
				GCC_WARN_ABOUT_RETURN_TYPE = YES_ERROR;
				GCC_WARN_UNDECLARED_SELECTOR = YES;
				GCC_WARN_UNINITIALIZED_AUTOS = YES_AGGRESSIVE;
				GCC_WARN_UNUSED_FUNCTION = YES;
				GCC_WARN_UNUSED_VARIABLE = YES;
				IPHONEOS_DEPLOYMENT_TARGET = 13.0;
				MTL_ENABLE_DEBUG_INFO = INCLUDE_SOURCE;
				MTL_FAST_MATH = YES;
				ONLY_ACTIVE_ARCH = YES;
				SDKROOT = iphoneos;
				SWIFT_ACTIVE_COMPILATION_CONDITIONS = DEBUG;
				SWIFT_OPTIMIZATION_LEVEL = "-Onone";
			};
			name = Debug;
		};
		B533390723887ABB000FB928 /* Release */ = {
			isa = XCBuildConfiguration;
			buildSettings = {
				ALWAYS_SEARCH_USER_PATHS = NO;
				CLANG_ANALYZER_NONNULL = YES;
				CLANG_ANALYZER_NUMBER_OBJECT_CONVERSION = YES_AGGRESSIVE;
				CLANG_CXX_LANGUAGE_STANDARD = "gnu++14";
				CLANG_CXX_LIBRARY = "libc++";
				CLANG_ENABLE_MODULES = YES;
				CLANG_ENABLE_OBJC_ARC = YES;
				CLANG_ENABLE_OBJC_WEAK = YES;
				CLANG_WARN_BLOCK_CAPTURE_AUTORELEASING = YES;
				CLANG_WARN_BOOL_CONVERSION = YES;
				CLANG_WARN_COMMA = YES;
				CLANG_WARN_CONSTANT_CONVERSION = YES;
				CLANG_WARN_DEPRECATED_OBJC_IMPLEMENTATIONS = YES;
				CLANG_WARN_DIRECT_OBJC_ISA_USAGE = YES_ERROR;
				CLANG_WARN_DOCUMENTATION_COMMENTS = YES;
				CLANG_WARN_EMPTY_BODY = YES;
				CLANG_WARN_ENUM_CONVERSION = YES;
				CLANG_WARN_INFINITE_RECURSION = YES;
				CLANG_WARN_INT_CONVERSION = YES;
				CLANG_WARN_NON_LITERAL_NULL_CONVERSION = YES;
				CLANG_WARN_OBJC_IMPLICIT_RETAIN_SELF = YES;
				CLANG_WARN_OBJC_LITERAL_CONVERSION = YES;
				CLANG_WARN_OBJC_ROOT_CLASS = YES_ERROR;
				CLANG_WARN_RANGE_LOOP_ANALYSIS = YES;
				CLANG_WARN_STRICT_PROTOTYPES = YES;
				CLANG_WARN_SUSPICIOUS_MOVE = YES;
				CLANG_WARN_UNGUARDED_AVAILABILITY = YES_AGGRESSIVE;
				CLANG_WARN_UNREACHABLE_CODE = YES;
				CLANG_WARN__DUPLICATE_METHOD_MATCH = YES;
				COPY_PHASE_STRIP = NO;
				DEBUG_INFORMATION_FORMAT = "dwarf-with-dsym";
				ENABLE_NS_ASSERTIONS = NO;
				ENABLE_STRICT_OBJC_MSGSEND = YES;
				GCC_C_LANGUAGE_STANDARD = gnu11;
				GCC_NO_COMMON_BLOCKS = YES;
				GCC_WARN_64_TO_32_BIT_CONVERSION = YES;
				GCC_WARN_ABOUT_RETURN_TYPE = YES_ERROR;
				GCC_WARN_UNDECLARED_SELECTOR = YES;
				GCC_WARN_UNINITIALIZED_AUTOS = YES_AGGRESSIVE;
				GCC_WARN_UNUSED_FUNCTION = YES;
				GCC_WARN_UNUSED_VARIABLE = YES;
				IPHONEOS_DEPLOYMENT_TARGET = 13.0;
				MTL_ENABLE_DEBUG_INFO = NO;
				MTL_FAST_MATH = YES;
				SDKROOT = iphoneos;
				SWIFT_COMPILATION_MODE = wholemodule;
				SWIFT_OPTIMIZATION_LEVEL = "-O";
				VALIDATE_PRODUCT = YES;
			};
			name = Release;
		};
		B533390923887ABB000FB928 /* Debug */ = {
			isa = XCBuildConfiguration;
			buildSettings = {
				ASSETCATALOG_COMPILER_APPICON_NAME = AppIcon;
				CODE_SIGN_STYLE = Automatic;
				DEVELOPMENT_TEAM = N6WY7689B7;
				INFOPLIST_FILE = AnimatedFigure/Resources/Info.plist;
				LD_RUNPATH_SEARCH_PATHS = (
					"$(inherited)",
					"@executable_path/Frameworks",
				);
				PRODUCT_BUNDLE_IDENTIFIER = com.bodnarrr.AnimatedFigure;
				PRODUCT_NAME = "$(TARGET_NAME)";
				SWIFT_VERSION = 5.0;
				TARGETED_DEVICE_FAMILY = "1,2";
			};
			name = Debug;
		};
		B533390A23887ABB000FB928 /* Release */ = {
			isa = XCBuildConfiguration;
			buildSettings = {
				ASSETCATALOG_COMPILER_APPICON_NAME = AppIcon;
				CODE_SIGN_STYLE = Automatic;
				DEVELOPMENT_TEAM = N6WY7689B7;
				INFOPLIST_FILE = AnimatedFigure/Resources/Info.plist;
				LD_RUNPATH_SEARCH_PATHS = (
					"$(inherited)",
					"@executable_path/Frameworks",
				);
				PRODUCT_BUNDLE_IDENTIFIER = com.bodnarrr.AnimatedFigure;
				PRODUCT_NAME = "$(TARGET_NAME)";
				SWIFT_VERSION = 5.0;
				TARGETED_DEVICE_FAMILY = "1,2";
			};
			name = Release;
		};
/* End XCBuildConfiguration section */

/* Begin XCConfigurationList section */
		B53338EF23887ABA000FB928 /* Build configuration list for PBXProject "AnimatedFigure" */ = {
			isa = XCConfigurationList;
			buildConfigurations = (
				B533390623887ABB000FB928 /* Debug */,
				B533390723887ABB000FB928 /* Release */,
			);
			defaultConfigurationIsVisible = 0;
			defaultConfigurationName = Release;
		};
		B533390823887ABB000FB928 /* Build configuration list for PBXNativeTarget "AnimatedFigure" */ = {
			isa = XCConfigurationList;
			buildConfigurations = (
				B533390923887ABB000FB928 /* Debug */,
				B533390A23887ABB000FB928 /* Release */,
			);
			defaultConfigurationIsVisible = 0;
			defaultConfigurationName = Release;
		};
/* End XCConfigurationList section */
	};
	rootObject = B53338EC23887ABA000FB928 /* Project object */;
}
